
Microsoft Visual Studio Solution File, Format Version 12.00
# Visual Studio Version 17
VisualStudioVersion = 17.3.32804.467
MinimumVisualStudioVersion = 10.0.40219.1
Project("{FAE04EC0-301F-11D3-BF4B-00C04F79EFBC}") = "PlayingWithVariablesConsole", "PlayingWithVariablesConsole\PlayingWithVariablesConsole.csproj", "{341ABCEB-2080-4FC5-BB62-C69DE3C7592D}"
EndProject
Global
	GlobalSection(SolutionConfigurationPlatforms) = preSolution
		Debug|Any CPU = Debug|Any CPU
		Release|Any CPU = Release|Any CPU
	EndGlobalSection
	GlobalSection(ProjectConfigurationPlatforms) = postSolution
		{341ABCEB-2080-4FC5-BB62-C69DE3C7592D}.Debug|Any CPU.ActiveCfg = Debug|Any CPU
		{341ABCEB-2080-4FC5-BB62-C69DE3C7592D}.Debug|Any CPU.Build.0 = Debug|Any CPU
		{341ABCEB-2080-4FC5-BB62-C69DE3C7592D}.Release|Any CPU.ActiveCfg = Release|Any CPU
		{341ABCEB-2080-4FC5-BB62-C69DE3C7592D}.Release|Any CPU.Build.0 = Release|Any CPU
	EndGlobalSection
	GlobalSection(SolutionProperties) = preSolution
		HideSolutionNode = FALSE
	EndGlobalSection
	GlobalSection(ExtensibilityGlobals) = postSolution
		SolutionGuid = {C1270BA2-42AF-4406-9CF0-F79F443A30BA}
	EndGlobalSection
EndGlobal
